PODS:
  - Flutter (1.0.0)
  - flutter_ble_lib (2.2.3):
    - Flutter
    - MultiplatformBleAdapter (= 0.1.5)
  - MultiplatformBleAdapter (0.1.5)
  - "permission_handler (4.2.0+hotfix.3)":
    - Flutter

DEPENDENCIES:
  - Flutter (from `Flutter`)
  - flutter_ble_lib (from `.symlinks/plugins/flutter_ble_lib/ios`)
  - permission_handler (from `.symlinks/plugins/permission_handler/ios`)

SPEC REPOS:
  trunk:
    - MultiplatformBleAdapter

EXTERNAL SOURCES:
  Flutter:
    :path: Flutter
  flutter_ble_lib:
    :path: ".symlinks/plugins/flutter_ble_lib/ios"
  permission_handler:
    :path: ".symlinks/plugins/permission_handler/ios"

SPEC CHECKSUMS:
  Flutter: 0e3d915762c693b495b44d77113d4970485de6ec
  flutter_ble_lib: 20e79f0b1d78d921d9ed68ab4451e190029bc3d9
  MultiplatformBleAdapter: 3c4391d428382738a47662ae1f665a29ce78ff39
  permission_handler: 40520ab8ad1bb78a282b832464e995ec87f77ec6

PODFILE CHECKSUM: 1b66dae606f75376c5f2135a8290850eeb09ae83

COCOAPODS: 1.8.4
