PODS:
  - Flutter (1.0.0)
  - flutter_ble_lib (2.1.0):
    - Flutter
    - MultiplatformBleAdapter (= 0.1.4)
  - MultiplatformBleAdapter (0.1.4)
  - "permission_handler (4.2.0+hotfix.3)":
    - Flutter

DEPENDENCIES:
  - Flutter (from `.symlinks/flutter/ios`)
  - flutter_ble_lib (from `.symlinks/plugins/flutter_ble_lib/ios`)
  - permission_handler (from `.symlinks/plugins/permission_handler/ios`)

SPEC REPOS:
  trunk:
    - MultiplatformBleAdapter

EXTERNAL SOURCES:
  Flutter:
    :path: ".symlinks/flutter/ios"
  flutter_ble_lib:
    :path: ".symlinks/plugins/flutter_ble_lib/ios"
  permission_handler:
    :path: ".symlinks/plugins/permission_handler/ios"

SPEC CHECKSUMS:
  Flutter: 0e3d915762c693b495b44d77113d4970485de6ec
  flutter_ble_lib: b2cf6d76a88368075db66966d782630318c6e67d
  MultiplatformBleAdapter: 1ef6e0c8d11f753c56cbad1654b36c8e24142648
  permission_handler: 40520ab8ad1bb78a282b832464e995ec87f77ec6

PODFILE CHECKSUM: 7fb83752f59ead6285236625b82473f90b1cb932

COCOAPODS: 1.8.4
